
Microsoft Visual Studio Solution File, Format Version 12.00
# Visual Studio Version 16
VisualStudioVersion = 16.0.30114.105
MinimumVisualStudioVersion = 10.0.40219.1
Project("{FAE04EC0-301F-11D3-BF4B-00C04F79EFBC}") = "PaymentContext.Domain", "PaymentContext.Domain\PaymentContext.Domain.csproj", "{AA1E8379-C797-437F-8350-08CF564F7A77}"
EndProject
Project("{FAE04EC0-301F-11D3-BF4B-00C04F79EFBC}") = "PaymentContext.Shared", "PaymentContext.Shared\PaymentContext.Shared.csproj", "{34F32830-E5B8-490D-BA6F-668FED25ED03}"
EndProject
Project("{FAE04EC0-301F-11D3-BF4B-00C04F79EFBC}") = "PaymentContext.Tests", "PaymentContext.Tests\PaymentContext.Tests.csproj", "{989AD70F-0C90-4480-A888-9DB5C14D7E59}"
EndProject
Global
	GlobalSection(SolutionConfigurationPlatforms) = preSolution
		Debug|Any CPU = Debug|Any CPU
		Debug|x64 = Debug|x64
		Debug|x86 = Debug|x86
		Release|Any CPU = Release|Any CPU
		Release|x64 = Release|x64
		Release|x86 = Release|x86
	EndGlobalSection
	GlobalSection(SolutionProperties) = preSolution
		HideSolutionNode = FALSE
	EndGlobalSection
	GlobalSection(ProjectConfigurationPlatforms) = postSolution
		{AA1E8379-C797-437F-8350-08CF564F7A77}.Debug|Any CPU.ActiveCfg = Debug|Any CPU
		{AA1E8379-C797-437F-8350-08CF564F7A77}.Debug|Any CPU.Build.0 = Debug|Any CPU
		{AA1E8379-C797-437F-8350-08CF564F7A77}.Debug|x64.ActiveCfg = Debug|Any CPU
		{AA1E8379-C797-437F-8350-08CF564F7A77}.Debug|x64.Build.0 = Debug|Any CPU
		{AA1E8379-C797-437F-8350-08CF564F7A77}.Debug|x86.ActiveCfg = Debug|Any CPU
		{AA1E8379-C797-437F-8350-08CF564F7A77}.Debug|x86.Build.0 = Debug|Any CPU
		{AA1E8379-C797-437F-8350-08CF564F7A77}.Release|Any CPU.ActiveCfg = Release|Any CPU
		{AA1E8379-C797-437F-8350-08CF564F7A77}.Release|Any CPU.Build.0 = Release|Any CPU
		{AA1E8379-C797-437F-8350-08CF564F7A77}.Release|x64.ActiveCfg = Release|Any CPU
		{AA1E8379-C797-437F-8350-08CF564F7A77}.Release|x64.Build.0 = Release|Any CPU
		{AA1E8379-C797-437F-8350-08CF564F7A77}.Release|x86.ActiveCfg = Release|Any CPU
		{AA1E8379-C797-437F-8350-08CF564F7A77}.Release|x86.Build.0 = Release|Any CPU
		{34F32830-E5B8-490D-BA6F-668FED25ED03}.Debug|Any CPU.ActiveCfg = Debug|Any CPU
		{34F32830-E5B8-490D-BA6F-668FED25ED03}.Debug|Any CPU.Build.0 = Debug|Any CPU
		{34F32830-E5B8-490D-BA6F-668FED25ED03}.Debug|x64.ActiveCfg = Debug|Any CPU
		{34F32830-E5B8-490D-BA6F-668FED25ED03}.Debug|x64.Build.0 = Debug|Any CPU
		{34F32830-E5B8-490D-BA6F-668FED25ED03}.Debug|x86.ActiveCfg = Debug|Any CPU
		{34F32830-E5B8-490D-BA6F-668FED25ED03}.Debug|x86.Build.0 = Debug|Any CPU
		{34F32830-E5B8-490D-BA6F-668FED25ED03}.Release|Any CPU.ActiveCfg = Release|Any CPU
		{34F32830-E5B8-490D-BA6F-668FED25ED03}.Release|Any CPU.Build.0 = Release|Any CPU
		{34F32830-E5B8-490D-BA6F-668FED25ED03}.Release|x64.ActiveCfg = Release|Any CPU
		{34F32830-E5B8-490D-BA6F-668FED25ED03}.Release|x64.Build.0 = Release|Any CPU
		{34F32830-E5B8-490D-BA6F-668FED25ED03}.Release|x86.ActiveCfg = Release|Any CPU
		{34F32830-E5B8-490D-BA6F-668FED25ED03}.Release|x86.Build.0 = Release|Any CPU
		{989AD70F-0C90-4480-A888-9DB5C14D7E59}.Debug|Any CPU.ActiveCfg = Debug|Any CPU
		{989AD70F-0C90-4480-A888-9DB5C14D7E59}.Debug|Any CPU.Build.0 = Debug|Any CPU
		{989AD70F-0C90-4480-A888-9DB5C14D7E59}.Debug|x64.ActiveCfg = Debug|Any CPU
		{989AD70F-0C90-4480-A888-9DB5C14D7E59}.Debug|x64.Build.0 = Debug|Any CPU
		{989AD70F-0C90-4480-A888-9DB5C14D7E59}.Debug|x86.ActiveCfg = Debug|Any CPU
		{989AD70F-0C90-4480-A888-9DB5C14D7E59}.Debug|x86.Build.0 = Debug|Any CPU
		{989AD70F-0C90-4480-A888-9DB5C14D7E59}.Release|Any CPU.ActiveCfg = Release|Any CPU
		{989AD70F-0C90-4480-A888-9DB5C14D7E59}.Release|Any CPU.Build.0 = Release|Any CPU
		{989AD70F-0C90-4480-A888-9DB5C14D7E59}.Release|x64.ActiveCfg = Release|Any CPU
		{989AD70F-0C90-4480-A888-9DB5C14D7E59}.Release|x64.Build.0 = Release|Any CPU
		{989AD70F-0C90-4480-A888-9DB5C14D7E59}.Release|x86.ActiveCfg = Release|Any CPU
		{989AD70F-0C90-4480-A888-9DB5C14D7E59}.Release|x86.Build.0 = Release|Any CPU
	EndGlobalSection
EndGlobal
